
Microsoft Visual Studio Solution File, Format Version 12.00
# Visual Studio Version 17
VisualStudioVersion = 17.11.35303.130
MinimumVisualStudioVersion = 10.0.40219.1
Project("{9A19103F-16F7-4668-BE54-9A1E7A4F7556}") = "Tyuiu.BlagihIA.Sprint1.Task0.V9", "Tyuiu.BlagihIA.Sprint1.Task0.V9\Tyuiu.BlagihIA.Sprint1.Task0.V9.csproj", "{A8FC2361-152B-41B2-AE1D-CDCE05BEDAFB}"
EndProject
Project("{9A19103F-16F7-4668-BE54-9A1E7A4F7556}") = "Tyuiu.BlagihIA.Sprint1.Task0.V9.Lib", "Tyuiu.BlagihIA.Sprint1.Task0.V9.Lib\Tyuiu.BlagihIA.Sprint1.Task0.V9.Lib.csproj", "{E1517520-FE06-4EEB-BB36-B93D1FE80EE0}"
EndProject
Project("{9A19103F-16F7-4668-BE54-9A1E7A4F7556}") = "Tyuiu.BlagihIA.Sprint1.Task0.V9.Test", "Tyuiu.BlagihIA.Sprint1.Task0.V9.Test\Tyuiu.BlagihIA.Sprint1.Task0.V9.Test.csproj", "{374185E8-094D-4B36-9C1D-09CFC6FC3C17}"
EndProject
Project("{2150E333-8FDC-42A3-9474-1A3956D46DE8}") = "Task0", "Task0", "{2BDD448D-92DB-4A75-BAAF-3DF49A119F1B}"
EndProject
Project("{2150E333-8FDC-42A3-9474-1A3956D46DE8}") = "Task1", "Task1", "{94943A3B-70BD-402A-AF6F-060537D7D460}"
EndProject
Project("{FAE04EC0-301F-11D3-BF4B-00C04F79EFBC}") = "Tyuiu.BlagihIA.Sprint1.Task1.V14", "Tyuiu.BlagihIA.Sprint1.Task1.V0\Tyuiu.BlagihIA.Sprint1.Task1.V14.csproj", "{C13D6BEB-086A-46FE-A781-59485DB97321}"
EndProject
Project("{FAE04EC0-301F-11D3-BF4B-00C04F79EFBC}") = "Tyuiu.BlagihIA.Sprint1.Task1.V14.Lib", "Tyuiu.BlagihIA.Sprint1.Task1.V0.Lib\Tyuiu.BlagihIA.Sprint1.Task1.V14.Lib.csproj", "{82D7462A-68AA-4686-811A-7F2DF6D4D297}"
EndProject
Project("{FAE04EC0-301F-11D3-BF4B-00C04F79EFBC}") = "Tyuiu.BlagihIA.Sprint1.Task1.V14.Test", "Tyuiu.BlagihIA.Sprint1.Task1.V0.Test\Tyuiu.BlagihIA.Sprint1.Task1.V14.Test.csproj", "{C0ECD23A-5C2E-4215-9151-F60F9B469A78}"
EndProject
Global
	GlobalSection(SolutionConfigurationPlatforms) = preSolution
		Debug|Any CPU = Debug|Any CPU
		Release|Any CPU = Release|Any CPU
	EndGlobalSection
	GlobalSection(ProjectConfigurationPlatforms) = postSolution
		{A8FC2361-152B-41B2-AE1D-CDCE05BEDAFB}.Debug|Any CPU.ActiveCfg = Debug|Any CPU
		{A8FC2361-152B-41B2-AE1D-CDCE05BEDAFB}.Debug|Any CPU.Build.0 = Debug|Any CPU
		{A8FC2361-152B-41B2-AE1D-CDCE05BEDAFB}.Release|Any CPU.ActiveCfg = Release|Any CPU
		{A8FC2361-152B-41B2-AE1D-CDCE05BEDAFB}.Release|Any CPU.Build.0 = Release|Any CPU
		{E1517520-FE06-4EEB-BB36-B93D1FE80EE0}.Debug|Any CPU.ActiveCfg = Debug|Any CPU
		{E1517520-FE06-4EEB-BB36-B93D1FE80EE0}.Debug|Any CPU.Build.0 = Debug|Any CPU
		{E1517520-FE06-4EEB-BB36-B93D1FE80EE0}.Release|Any CPU.ActiveCfg = Release|Any CPU
		{E1517520-FE06-4EEB-BB36-B93D1FE80EE0}.Release|Any CPU.Build.0 = Release|Any CPU
		{374185E8-094D-4B36-9C1D-09CFC6FC3C17}.Debug|Any CPU.ActiveCfg = Debug|Any CPU
		{374185E8-094D-4B36-9C1D-09CFC6FC3C17}.Debug|Any CPU.Build.0 = Debug|Any CPU
		{374185E8-094D-4B36-9C1D-09CFC6FC3C17}.Release|Any CPU.ActiveCfg = Release|Any CPU
		{374185E8-094D-4B36-9C1D-09CFC6FC3C17}.Release|Any CPU.Build.0 = Release|Any CPU
		{C13D6BEB-086A-46FE-A781-59485DB97321}.Debug|Any CPU.ActiveCfg = Debug|Any CPU
		{C13D6BEB-086A-46FE-A781-59485DB97321}.Debug|Any CPU.Build.0 = Debug|Any CPU
		{C13D6BEB-086A-46FE-A781-59485DB97321}.Release|Any CPU.ActiveCfg = Release|Any CPU
		{C13D6BEB-086A-46FE-A781-59485DB97321}.Release|Any CPU.Build.0 = Release|Any CPU
		{82D7462A-68AA-4686-811A-7F2DF6D4D297}.Debug|Any CPU.ActiveCfg = Debug|Any CPU
		{82D7462A-68AA-4686-811A-7F2DF6D4D297}.Debug|Any CPU.Build.0 = Debug|Any CPU
		{82D7462A-68AA-4686-811A-7F2DF6D4D297}.Release|Any CPU.ActiveCfg = Release|Any CPU
		{82D7462A-68AA-4686-811A-7F2DF6D4D297}.Release|Any CPU.Build.0 = Release|Any CPU
		{C0ECD23A-5C2E-4215-9151-F60F9B469A78}.Debug|Any CPU.ActiveCfg = Debug|Any CPU
		{C0ECD23A-5C2E-4215-9151-F60F9B469A78}.Debug|Any CPU.Build.0 = Debug|Any CPU
		{C0ECD23A-5C2E-4215-9151-F60F9B469A78}.Release|Any CPU.ActiveCfg = Release|Any CPU
		{C0ECD23A-5C2E-4215-9151-F60F9B469A78}.Release|Any CPU.Build.0 = Release|Any CPU
	EndGlobalSection
	GlobalSection(SolutionProperties) = preSolution
		HideSolutionNode = FALSE
	EndGlobalSection
	GlobalSection(NestedProjects) = preSolution
		{A8FC2361-152B-41B2-AE1D-CDCE05BEDAFB} = {2BDD448D-92DB-4A75-BAAF-3DF49A119F1B}
		{E1517520-FE06-4EEB-BB36-B93D1FE80EE0} = {2BDD448D-92DB-4A75-BAAF-3DF49A119F1B}
		{374185E8-094D-4B36-9C1D-09CFC6FC3C17} = {2BDD448D-92DB-4A75-BAAF-3DF49A119F1B}
		{C13D6BEB-086A-46FE-A781-59485DB97321} = {94943A3B-70BD-402A-AF6F-060537D7D460}
		{82D7462A-68AA-4686-811A-7F2DF6D4D297} = {94943A3B-70BD-402A-AF6F-060537D7D460}
		{C0ECD23A-5C2E-4215-9151-F60F9B469A78} = {94943A3B-70BD-402A-AF6F-060537D7D460}
	EndGlobalSection
	GlobalSection(ExtensibilityGlobals) = postSolution
		SolutionGuid = {993ACBBD-7E62-416A-942C-3B55622FA6E3}
	EndGlobalSection
EndGlobal
