
Microsoft Visual Studio Solution File, Format Version 12.00
# Visual Studio Version 17
VisualStudioVersion = 17.11.35303.130
MinimumVisualStudioVersion = 10.0.40219.1
Project("{9A19103F-16F7-4668-BE54-9A1E7A4F7556}") = "Tyuiu.BlagihIA.Sprint1.Task0.V9", "Tyuiu.BlagihIA.Sprint1.Task0.V9\Tyuiu.BlagihIA.Sprint1.Task0.V9.csproj", "{A8FC2361-152B-41B2-AE1D-CDCE05BEDAFB}"
EndProject
Project("{9A19103F-16F7-4668-BE54-9A1E7A4F7556}") = "Tyuiu.BlagihIA.Sprint1.Task0.V9.Lib", "Tyuiu.BlagihIA.Sprint1.Task0.V9.Lib\Tyuiu.BlagihIA.Sprint1.Task0.V9.Lib.csproj", "{E1517520-FE06-4EEB-BB36-B93D1FE80EE0}"
EndProject
Project("{9A19103F-16F7-4668-BE54-9A1E7A4F7556}") = "Tyuiu.BlagihIA.Sprint1.Task0.V9.Test", "Tyuiu.BlagihIA.Sprint1.Task0.V9.Test\Tyuiu.BlagihIA.Sprint1.Task0.V9.Test.csproj", "{374185E8-094D-4B36-9C1D-09CFC6FC3C17}"
EndProject
Project("{2150E333-8FDC-42A3-9474-1A3956D46DE8}") = "Task0", "Task0", "{2BDD448D-92DB-4A75-BAAF-3DF49A119F1B}"
EndProject
Project("{2150E333-8FDC-42A3-9474-1A3956D46DE8}") = "Task1", "Task1", "{94943A3B-70BD-402A-AF6F-060537D7D460}"
EndProject
Project("{9A19103F-16F7-4668-BE54-9A1E7A4F7556}") = "Tyuiu.BlagihIA.Sprint1.Task1.V14", "Tyuiu.BlagihIA.Sprint1.Task1.V14\Tyuiu.BlagihIA.Sprint1.Task1.V14.csproj", "{7742344B-404B-4523-B341-A3A7C696AB16}"
EndProject
Project("{9A19103F-16F7-4668-BE54-9A1E7A4F7556}") = "Tyuiu.BlagihIA.Sprint1.Task1.V14.Lib", "Tyuiu.BlagihIA.Sprint1.Task1.V14.Lib\Tyuiu.BlagihIA.Sprint1.Task1.V14.Lib.csproj", "{4A61D19D-8F72-4EEC-B56A-B5633ADBA5BE}"
EndProject
Project("{9A19103F-16F7-4668-BE54-9A1E7A4F7556}") = "Tyuiu.BlagihIA.Sprint1.Task1.V14.Test", "Tyuiu.BlagihIA.Sprint1.Task1.V14.Test\Tyuiu.BlagihIA.Sprint1.Task1.V14.Test.csproj", "{DCCAE4FD-62BE-4397-A1D1-DABD2238FE6E}"
EndProject
Project("{2150E333-8FDC-42A3-9474-1A3956D46DE8}") = "Task2", "Task2", "{DF9C4F0F-E7D7-463E-9D80-779A4B933627}"
EndProject
Project("{9A19103F-16F7-4668-BE54-9A1E7A4F7556}") = "Tyuiu.BlagihIA.Sprint1.Task2.V16", "Tyuiu.BlagihIA.Sprint1.Task2.V16\Tyuiu.BlagihIA.Sprint1.Task2.V16.csproj", "{401FD0B9-A520-41EB-9088-AE2C5331DD3F}"
EndProject
Project("{9A19103F-16F7-4668-BE54-9A1E7A4F7556}") = "Tyuiu.BlagihIA.Sprint1.Task2.V16.Lib", "Tyuiu.BlagihIA.Sprint1.Task2.V16.Lib\Tyuiu.BlagihIA.Sprint1.Task2.V16.Lib.csproj", "{AE88A4E0-2ADD-41B7-A6EB-72A67AE26994}"
EndProject
Project("{9A19103F-16F7-4668-BE54-9A1E7A4F7556}") = "Tyuiu.BlagihIA.Sprint1.Task2.V16.Test", "Tyuiu.BlagihIA.Sprint1.Task2.V16.Test\Tyuiu.BlagihIA.Sprint1.Task2.V16.Test.csproj", "{20FABDFA-BF77-49C5-97DC-0827CB88DC18}"
EndProject
Project("{2150E333-8FDC-42A3-9474-1A3956D46DE8}") = "Task3", "Task3", "{1B92D6FC-620C-4149-889C-51BC467B65A4}"
EndProject
Project("{9A19103F-16F7-4668-BE54-9A1E7A4F7556}") = "Tyuiu.BlagihIA.Sprint1.Task3.V9", "Tyuiu.BlagihIA.Sprint1.Task3.V9\Tyuiu.BlagihIA.Sprint1.Task3.V9.csproj", "{0AEB3A88-DF66-4FE6-BB13-488D109974C9}"
EndProject
Project("{9A19103F-16F7-4668-BE54-9A1E7A4F7556}") = "Tyuiu.BlagihIA.Sprint1.Task3.V9.Lib", "Tyuiu.BlagihIA.Sprint1.Task3.V9.Lib\Tyuiu.BlagihIA.Sprint1.Task3.V9.Lib.csproj", "{5FAB0435-5748-4205-8BE5-B3FBDE4F1523}"
EndProject
Project("{9A19103F-16F7-4668-BE54-9A1E7A4F7556}") = "Tyuiu.BlagihIA.Sprint1.Task3.V9.Test", "Tyuiu.BlagihIA.Sprint1.Task3.V9.Test\Tyuiu.BlagihIA.Sprint1.Task3.V9.Test.csproj", "{2B6A3764-9ED7-40D0-9406-8FB838A13170}"
EndProject
Project("{2150E333-8FDC-42A3-9474-1A3956D46DE8}") = "Task4", "Task4", "{F41D41EF-E13B-4C72-9113-E016BD7AE1DF}"
EndProject
Project("{9A19103F-16F7-4668-BE54-9A1E7A4F7556}") = "Tyuiu.BlagihIA.Sprint1.Task4.V2", "Tyuiu.BlagihIA.Sprint1.Task4.V2\Tyuiu.BlagihIA.Sprint1.Task4.V2.csproj", "{E710A6A1-80C3-49DB-9B0D-4A18F6DD53FD}"
EndProject
Project("{9A19103F-16F7-4668-BE54-9A1E7A4F7556}") = "Tyuiu.BlagihIA.Sprint1.Task4.V2.Lib", "Tyuiu.BlagihIA.Sprint1.Task4.V2.Lib\Tyuiu.BlagihIA.Sprint1.Task4.V2.Lib.csproj", "{1F8105AF-D94E-41ED-8D56-1DDF605E0383}"
EndProject
Project("{9A19103F-16F7-4668-BE54-9A1E7A4F7556}") = "Tyuiu.BlagihIA.Sprint1.Task4.V2.Test", "Tyuiu.BlagihIA.Sprint1.Task4.V2.Test\Tyuiu.BlagihIA.Sprint1.Task4.V2.Test.csproj", "{2F6A0DB1-49E2-4F60-87D4-C6345CEB01CA}"
EndProject
Project("{2150E333-8FDC-42A3-9474-1A3956D46DE8}") = "Task5", "Task5", "{FF50AFD2-8F1D-4B99-901C-A612ED2E49E1}"
EndProject
Project("{9A19103F-16F7-4668-BE54-9A1E7A4F7556}") = "Tyuiu.BlagihIA.Sprint1.Task5.V3", "Tyuiu.BlagihIA.Sprint1.Task5.V3\Tyuiu.BlagihIA.Sprint1.Task5.V3.csproj", "{85F6D51A-EB08-42B2-B7AE-CC2E9C469992}"
EndProject
Project("{9A19103F-16F7-4668-BE54-9A1E7A4F7556}") = "Tyuiu.BlagihIA.Sprint1.Task5.V3.Lib", "Tyuiu.BlagihIA.Sprint1.Task5.V3.Lib\Tyuiu.BlagihIA.Sprint1.Task5.V3.Lib.csproj", "{FCE45CEB-E12C-4AE3-B245-3199462CA6F6}"
EndProject
Project("{9A19103F-16F7-4668-BE54-9A1E7A4F7556}") = "Tyuiu.BlagihIA.Sprint1.Task5.V3.Test", "Tyuiu.BlagihIA.Sprint1.Task5.V3.Test\Tyuiu.BlagihIA.Sprint1.Task5.V3.Test.csproj", "{C790C487-24F5-4EE7-9271-39638E7D2362}"
EndProject
Project("{2150E333-8FDC-42A3-9474-1A3956D46DE8}") = "Task6", "Task6", "{98EE23B6-372A-418B-827E-3AF586D9DA74}"
EndProject
Project("{FAE04EC0-301F-11D3-BF4B-00C04F79EFBC}") = "Tyuiu.BlagihIA.Sprint1.Task6.V1", "Tyuiu.BlagihIA.Sprint1.Task6.V1\Tyuiu.BlagihIA.Sprint1.Task6.V1.csproj", "{0D2A5575-E854-4EC1-A21F-8D7F50854E76}"
EndProject
Project("{FAE04EC0-301F-11D3-BF4B-00C04F79EFBC}") = "Tyuiu.BlagihIA.Sprint1.Task6.V1.Lib", "Tyuiu.BlagihIA.Sprint1.Task6.V1.Lib\Tyuiu.BlagihIA.Sprint1.Task6.V1.Lib.csproj", "{0DC6EB7D-38D3-4164-82DB-FC8732C8168A}"
EndProject
Project("{FAE04EC0-301F-11D3-BF4B-00C04F79EFBC}") = "Tyuiu.BlagihIA.Sprint1.Task6.V1.Test", "Tyuiu.BlagihIA.Sprint1.Task6.V1.Test\Tyuiu.BlagihIA.Sprint1.Task6.V1.Test.csproj", "{76AFB304-5758-48EA-BBEB-D56E04894217}"
EndProject
Project("{FAE04EC0-301F-11D3-BF4B-00C04F79EFBC}") = "Tyuiu.BlagihIA.Sprint1.Task7.V10", "Tyuiu.BlagihIA.Sprint1.Task7.V10\Tyuiu.BlagihIA.Sprint1.Task7.V10.csproj", "{EAAAF455-14AC-46CE-9758-CCCDE00100D1}"
EndProject
Project("{2150E333-8FDC-42A3-9474-1A3956D46DE8}") = "Task7", "Task7", "{FCCDB897-3630-4B8B-92BA-01DD208076BE}"
EndProject
Project("{FAE04EC0-301F-11D3-BF4B-00C04F79EFBC}") = "Tyuiu.BlagihIA.Sprint1.Task7.V10.Lib", "Tyuiu.BlagihIA.Sprint1.Task7.V10.Lib\Tyuiu.BlagihIA.Sprint1.Task7.V10.Lib.csproj", "{A8CA1A16-7FC2-44BB-8538-3FF684AA760F}"
EndProject
Project("{FAE04EC0-301F-11D3-BF4B-00C04F79EFBC}") = "Tyuiu.BlagihIA.Sprint1.Task7.V10.Test", "Tyuiu.BlagihIA.Sprint1.Task7.V10.Test\Tyuiu.BlagihIA.Sprint1.Task7.V10.Test.csproj", "{8F144885-1456-4C22-BECB-AC6CC317269A}"
EndProject
Global
	GlobalSection(SolutionConfigurationPlatforms) = preSolution
		Debug|Any CPU = Debug|Any CPU
		Release|Any CPU = Release|Any CPU
	EndGlobalSection
	GlobalSection(ProjectConfigurationPlatforms) = postSolution
		{A8FC2361-152B-41B2-AE1D-CDCE05BEDAFB}.Debug|Any CPU.ActiveCfg = Debug|Any CPU
		{A8FC2361-152B-41B2-AE1D-CDCE05BEDAFB}.Debug|Any CPU.Build.0 = Debug|Any CPU
		{A8FC2361-152B-41B2-AE1D-CDCE05BEDAFB}.Release|Any CPU.ActiveCfg = Release|Any CPU
		{A8FC2361-152B-41B2-AE1D-CDCE05BEDAFB}.Release|Any CPU.Build.0 = Release|Any CPU
		{E1517520-FE06-4EEB-BB36-B93D1FE80EE0}.Debug|Any CPU.ActiveCfg = Debug|Any CPU
		{E1517520-FE06-4EEB-BB36-B93D1FE80EE0}.Debug|Any CPU.Build.0 = Debug|Any CPU
		{E1517520-FE06-4EEB-BB36-B93D1FE80EE0}.Release|Any CPU.ActiveCfg = Release|Any CPU
		{E1517520-FE06-4EEB-BB36-B93D1FE80EE0}.Release|Any CPU.Build.0 = Release|Any CPU
		{374185E8-094D-4B36-9C1D-09CFC6FC3C17}.Debug|Any CPU.ActiveCfg = Debug|Any CPU
		{374185E8-094D-4B36-9C1D-09CFC6FC3C17}.Debug|Any CPU.Build.0 = Debug|Any CPU
		{374185E8-094D-4B36-9C1D-09CFC6FC3C17}.Release|Any CPU.ActiveCfg = Release|Any CPU
		{374185E8-094D-4B36-9C1D-09CFC6FC3C17}.Release|Any CPU.Build.0 = Release|Any CPU
		{7742344B-404B-4523-B341-A3A7C696AB16}.Debug|Any CPU.ActiveCfg = Debug|Any CPU
		{7742344B-404B-4523-B341-A3A7C696AB16}.Debug|Any CPU.Build.0 = Debug|Any CPU
		{7742344B-404B-4523-B341-A3A7C696AB16}.Release|Any CPU.ActiveCfg = Release|Any CPU
		{7742344B-404B-4523-B341-A3A7C696AB16}.Release|Any CPU.Build.0 = Release|Any CPU
		{4A61D19D-8F72-4EEC-B56A-B5633ADBA5BE}.Debug|Any CPU.ActiveCfg = Debug|Any CPU
		{4A61D19D-8F72-4EEC-B56A-B5633ADBA5BE}.Debug|Any CPU.Build.0 = Debug|Any CPU
		{4A61D19D-8F72-4EEC-B56A-B5633ADBA5BE}.Release|Any CPU.ActiveCfg = Release|Any CPU
		{4A61D19D-8F72-4EEC-B56A-B5633ADBA5BE}.Release|Any CPU.Build.0 = Release|Any CPU
		{DCCAE4FD-62BE-4397-A1D1-DABD2238FE6E}.Debug|Any CPU.ActiveCfg = Debug|Any CPU
		{DCCAE4FD-62BE-4397-A1D1-DABD2238FE6E}.Debug|Any CPU.Build.0 = Debug|Any CPU
		{DCCAE4FD-62BE-4397-A1D1-DABD2238FE6E}.Release|Any CPU.ActiveCfg = Release|Any CPU
		{DCCAE4FD-62BE-4397-A1D1-DABD2238FE6E}.Release|Any CPU.Build.0 = Release|Any CPU
		{401FD0B9-A520-41EB-9088-AE2C5331DD3F}.Debug|Any CPU.ActiveCfg = Debug|Any CPU
		{401FD0B9-A520-41EB-9088-AE2C5331DD3F}.Debug|Any CPU.Build.0 = Debug|Any CPU
		{401FD0B9-A520-41EB-9088-AE2C5331DD3F}.Release|Any CPU.ActiveCfg = Release|Any CPU
		{401FD0B9-A520-41EB-9088-AE2C5331DD3F}.Release|Any CPU.Build.0 = Release|Any CPU
		{AE88A4E0-2ADD-41B7-A6EB-72A67AE26994}.Debug|Any CPU.ActiveCfg = Debug|Any CPU
		{AE88A4E0-2ADD-41B7-A6EB-72A67AE26994}.Debug|Any CPU.Build.0 = Debug|Any CPU
		{AE88A4E0-2ADD-41B7-A6EB-72A67AE26994}.Release|Any CPU.ActiveCfg = Release|Any CPU
		{AE88A4E0-2ADD-41B7-A6EB-72A67AE26994}.Release|Any CPU.Build.0 = Release|Any CPU
		{20FABDFA-BF77-49C5-97DC-0827CB88DC18}.Debug|Any CPU.ActiveCfg = Debug|Any CPU
		{20FABDFA-BF77-49C5-97DC-0827CB88DC18}.Debug|Any CPU.Build.0 = Debug|Any CPU
		{20FABDFA-BF77-49C5-97DC-0827CB88DC18}.Release|Any CPU.ActiveCfg = Release|Any CPU
		{20FABDFA-BF77-49C5-97DC-0827CB88DC18}.Release|Any CPU.Build.0 = Release|Any CPU
		{0AEB3A88-DF66-4FE6-BB13-488D109974C9}.Debug|Any CPU.ActiveCfg = Debug|Any CPU
		{0AEB3A88-DF66-4FE6-BB13-488D109974C9}.Debug|Any CPU.Build.0 = Debug|Any CPU
		{0AEB3A88-DF66-4FE6-BB13-488D109974C9}.Release|Any CPU.ActiveCfg = Release|Any CPU
		{0AEB3A88-DF66-4FE6-BB13-488D109974C9}.Release|Any CPU.Build.0 = Release|Any CPU
		{5FAB0435-5748-4205-8BE5-B3FBDE4F1523}.Debug|Any CPU.ActiveCfg = Debug|Any CPU
		{5FAB0435-5748-4205-8BE5-B3FBDE4F1523}.Debug|Any CPU.Build.0 = Debug|Any CPU
		{5FAB0435-5748-4205-8BE5-B3FBDE4F1523}.Release|Any CPU.ActiveCfg = Release|Any CPU
		{5FAB0435-5748-4205-8BE5-B3FBDE4F1523}.Release|Any CPU.Build.0 = Release|Any CPU
		{2B6A3764-9ED7-40D0-9406-8FB838A13170}.Debug|Any CPU.ActiveCfg = Debug|Any CPU
		{2B6A3764-9ED7-40D0-9406-8FB838A13170}.Debug|Any CPU.Build.0 = Debug|Any CPU
		{2B6A3764-9ED7-40D0-9406-8FB838A13170}.Release|Any CPU.ActiveCfg = Release|Any CPU
		{2B6A3764-9ED7-40D0-9406-8FB838A13170}.Release|Any CPU.Build.0 = Release|Any CPU
		{E710A6A1-80C3-49DB-9B0D-4A18F6DD53FD}.Debug|Any CPU.ActiveCfg = Debug|Any CPU
		{E710A6A1-80C3-49DB-9B0D-4A18F6DD53FD}.Debug|Any CPU.Build.0 = Debug|Any CPU
		{E710A6A1-80C3-49DB-9B0D-4A18F6DD53FD}.Release|Any CPU.ActiveCfg = Release|Any CPU
		{E710A6A1-80C3-49DB-9B0D-4A18F6DD53FD}.Release|Any CPU.Build.0 = Release|Any CPU
		{1F8105AF-D94E-41ED-8D56-1DDF605E0383}.Debug|Any CPU.ActiveCfg = Debug|Any CPU
		{1F8105AF-D94E-41ED-8D56-1DDF605E0383}.Debug|Any CPU.Build.0 = Debug|Any CPU
		{1F8105AF-D94E-41ED-8D56-1DDF605E0383}.Release|Any CPU.ActiveCfg = Release|Any CPU
		{1F8105AF-D94E-41ED-8D56-1DDF605E0383}.Release|Any CPU.Build.0 = Release|Any CPU
		{2F6A0DB1-49E2-4F60-87D4-C6345CEB01CA}.Debug|Any CPU.ActiveCfg = Debug|Any CPU
		{2F6A0DB1-49E2-4F60-87D4-C6345CEB01CA}.Debug|Any CPU.Build.0 = Debug|Any CPU
		{2F6A0DB1-49E2-4F60-87D4-C6345CEB01CA}.Release|Any CPU.ActiveCfg = Release|Any CPU
		{2F6A0DB1-49E2-4F60-87D4-C6345CEB01CA}.Release|Any CPU.Build.0 = Release|Any CPU
		{85F6D51A-EB08-42B2-B7AE-CC2E9C469992}.Debug|Any CPU.ActiveCfg = Debug|Any CPU
		{85F6D51A-EB08-42B2-B7AE-CC2E9C469992}.Debug|Any CPU.Build.0 = Debug|Any CPU
		{85F6D51A-EB08-42B2-B7AE-CC2E9C469992}.Release|Any CPU.ActiveCfg = Release|Any CPU
		{85F6D51A-EB08-42B2-B7AE-CC2E9C469992}.Release|Any CPU.Build.0 = Release|Any CPU
		{FCE45CEB-E12C-4AE3-B245-3199462CA6F6}.Debug|Any CPU.ActiveCfg = Debug|Any CPU
		{FCE45CEB-E12C-4AE3-B245-3199462CA6F6}.Debug|Any CPU.Build.0 = Debug|Any CPU
		{FCE45CEB-E12C-4AE3-B245-3199462CA6F6}.Release|Any CPU.ActiveCfg = Release|Any CPU
		{FCE45CEB-E12C-4AE3-B245-3199462CA6F6}.Release|Any CPU.Build.0 = Release|Any CPU
		{C790C487-24F5-4EE7-9271-39638E7D2362}.Debug|Any CPU.ActiveCfg = Debug|Any CPU
		{C790C487-24F5-4EE7-9271-39638E7D2362}.Debug|Any CPU.Build.0 = Debug|Any CPU
		{C790C487-24F5-4EE7-9271-39638E7D2362}.Release|Any CPU.ActiveCfg = Release|Any CPU
		{C790C487-24F5-4EE7-9271-39638E7D2362}.Release|Any CPU.Build.0 = Release|Any CPU
		{0D2A5575-E854-4EC1-A21F-8D7F50854E76}.Debug|Any CPU.ActiveCfg = Debug|Any CPU
		{0D2A5575-E854-4EC1-A21F-8D7F50854E76}.Debug|Any CPU.Build.0 = Debug|Any CPU
		{0D2A5575-E854-4EC1-A21F-8D7F50854E76}.Release|Any CPU.ActiveCfg = Release|Any CPU
		{0D2A5575-E854-4EC1-A21F-8D7F50854E76}.Release|Any CPU.Build.0 = Release|Any CPU
		{0DC6EB7D-38D3-4164-82DB-FC8732C8168A}.Debug|Any CPU.ActiveCfg = Debug|Any CPU
		{0DC6EB7D-38D3-4164-82DB-FC8732C8168A}.Debug|Any CPU.Build.0 = Debug|Any CPU
		{0DC6EB7D-38D3-4164-82DB-FC8732C8168A}.Release|Any CPU.ActiveCfg = Release|Any CPU
		{0DC6EB7D-38D3-4164-82DB-FC8732C8168A}.Release|Any CPU.Build.0 = Release|Any CPU
		{76AFB304-5758-48EA-BBEB-D56E04894217}.Debug|Any CPU.ActiveCfg = Debug|Any CPU
		{76AFB304-5758-48EA-BBEB-D56E04894217}.Debug|Any CPU.Build.0 = Debug|Any CPU
		{76AFB304-5758-48EA-BBEB-D56E04894217}.Release|Any CPU.ActiveCfg = Release|Any CPU
		{76AFB304-5758-48EA-BBEB-D56E04894217}.Release|Any CPU.Build.0 = Release|Any CPU
		{EAAAF455-14AC-46CE-9758-CCCDE00100D1}.Debug|Any CPU.ActiveCfg = Debug|Any CPU
		{EAAAF455-14AC-46CE-9758-CCCDE00100D1}.Debug|Any CPU.Build.0 = Debug|Any CPU
		{EAAAF455-14AC-46CE-9758-CCCDE00100D1}.Release|Any CPU.ActiveCfg = Release|Any CPU
		{EAAAF455-14AC-46CE-9758-CCCDE00100D1}.Release|Any CPU.Build.0 = Release|Any CPU
		{A8CA1A16-7FC2-44BB-8538-3FF684AA760F}.Debug|Any CPU.ActiveCfg = Debug|Any CPU
		{A8CA1A16-7FC2-44BB-8538-3FF684AA760F}.Debug|Any CPU.Build.0 = Debug|Any CPU
		{A8CA1A16-7FC2-44BB-8538-3FF684AA760F}.Release|Any CPU.ActiveCfg = Release|Any CPU
		{A8CA1A16-7FC2-44BB-8538-3FF684AA760F}.Release|Any CPU.Build.0 = Release|Any CPU
		{8F144885-1456-4C22-BECB-AC6CC317269A}.Debug|Any CPU.ActiveCfg = Debug|Any CPU
		{8F144885-1456-4C22-BECB-AC6CC317269A}.Debug|Any CPU.Build.0 = Debug|Any CPU
		{8F144885-1456-4C22-BECB-AC6CC317269A}.Release|Any CPU.ActiveCfg = Release|Any CPU
		{8F144885-1456-4C22-BECB-AC6CC317269A}.Release|Any CPU.Build.0 = Release|Any CPU
	EndGlobalSection
	GlobalSection(SolutionProperties) = preSolution
		HideSolutionNode = FALSE
	EndGlobalSection
	GlobalSection(NestedProjects) = preSolution
		{A8FC2361-152B-41B2-AE1D-CDCE05BEDAFB} = {2BDD448D-92DB-4A75-BAAF-3DF49A119F1B}
		{E1517520-FE06-4EEB-BB36-B93D1FE80EE0} = {2BDD448D-92DB-4A75-BAAF-3DF49A119F1B}
		{374185E8-094D-4B36-9C1D-09CFC6FC3C17} = {2BDD448D-92DB-4A75-BAAF-3DF49A119F1B}
		{7742344B-404B-4523-B341-A3A7C696AB16} = {94943A3B-70BD-402A-AF6F-060537D7D460}
		{4A61D19D-8F72-4EEC-B56A-B5633ADBA5BE} = {94943A3B-70BD-402A-AF6F-060537D7D460}
		{DCCAE4FD-62BE-4397-A1D1-DABD2238FE6E} = {94943A3B-70BD-402A-AF6F-060537D7D460}
		{401FD0B9-A520-41EB-9088-AE2C5331DD3F} = {DF9C4F0F-E7D7-463E-9D80-779A4B933627}
		{AE88A4E0-2ADD-41B7-A6EB-72A67AE26994} = {DF9C4F0F-E7D7-463E-9D80-779A4B933627}
		{20FABDFA-BF77-49C5-97DC-0827CB88DC18} = {DF9C4F0F-E7D7-463E-9D80-779A4B933627}
		{0AEB3A88-DF66-4FE6-BB13-488D109974C9} = {1B92D6FC-620C-4149-889C-51BC467B65A4}
		{5FAB0435-5748-4205-8BE5-B3FBDE4F1523} = {1B92D6FC-620C-4149-889C-51BC467B65A4}
		{2B6A3764-9ED7-40D0-9406-8FB838A13170} = {1B92D6FC-620C-4149-889C-51BC467B65A4}
		{E710A6A1-80C3-49DB-9B0D-4A18F6DD53FD} = {F41D41EF-E13B-4C72-9113-E016BD7AE1DF}
		{1F8105AF-D94E-41ED-8D56-1DDF605E0383} = {F41D41EF-E13B-4C72-9113-E016BD7AE1DF}
		{2F6A0DB1-49E2-4F60-87D4-C6345CEB01CA} = {F41D41EF-E13B-4C72-9113-E016BD7AE1DF}
		{85F6D51A-EB08-42B2-B7AE-CC2E9C469992} = {FF50AFD2-8F1D-4B99-901C-A612ED2E49E1}
		{FCE45CEB-E12C-4AE3-B245-3199462CA6F6} = {FF50AFD2-8F1D-4B99-901C-A612ED2E49E1}
		{C790C487-24F5-4EE7-9271-39638E7D2362} = {FF50AFD2-8F1D-4B99-901C-A612ED2E49E1}
		{0D2A5575-E854-4EC1-A21F-8D7F50854E76} = {98EE23B6-372A-418B-827E-3AF586D9DA74}
		{0DC6EB7D-38D3-4164-82DB-FC8732C8168A} = {98EE23B6-372A-418B-827E-3AF586D9DA74}
		{76AFB304-5758-48EA-BBEB-D56E04894217} = {98EE23B6-372A-418B-827E-3AF586D9DA74}
		{EAAAF455-14AC-46CE-9758-CCCDE00100D1} = {FCCDB897-3630-4B8B-92BA-01DD208076BE}
		{A8CA1A16-7FC2-44BB-8538-3FF684AA760F} = {FCCDB897-3630-4B8B-92BA-01DD208076BE}
		{8F144885-1456-4C22-BECB-AC6CC317269A} = {FCCDB897-3630-4B8B-92BA-01DD208076BE}
	EndGlobalSection
	GlobalSection(ExtensibilityGlobals) = postSolution
		SolutionGuid = {993ACBBD-7E62-416A-942C-3B55622FA6E3}
	EndGlobalSection
EndGlobal
